
Microsoft Visual Studio Solution File, Format Version 12.00
# Visual Studio Version 16
VisualStudioVersion = 16.0.28721.148
MinimumVisualStudioVersion = 15.0.26124.0
Project("{9A19103F-16F7-4668-BE54-9A1E7A4F7556}") = "Library", "Library\Library.csproj", "{482DA8F9-5848-46C5-9CFE-86D73B29936B}"
EndProject
Project("{9A19103F-16F7-4668-BE54-9A1E7A4F7556}") = "GetTypeRepro", "GetTypeRepro\GetTypeRepro.csproj", "{8A648CBC-2713-4DDD-8799-A5E495F50A78}"
EndProject
Global
	GlobalSection(SolutionConfigurationPlatforms) = preSolution
		Debug|Any CPU = Debug|Any CPU
		Debug|x64 = Debug|x64
		Debug|x86 = Debug|x86
		Release|Any CPU = Release|Any CPU
		Release|x64 = Release|x64
		Release|x86 = Release|x86
	EndGlobalSection
	GlobalSection(ProjectConfigurationPlatforms) = postSolution
		{482DA8F9-5848-46C5-9CFE-86D73B29936B}.Debug|Any CPU.ActiveCfg = Debug|Any CPU
		{482DA8F9-5848-46C5-9CFE-86D73B29936B}.Debug|Any CPU.Build.0 = Debug|Any CPU
		{482DA8F9-5848-46C5-9CFE-86D73B29936B}.Debug|x64.ActiveCfg = Debug|Any CPU
		{482DA8F9-5848-46C5-9CFE-86D73B29936B}.Debug|x64.Build.0 = Debug|Any CPU
		{482DA8F9-5848-46C5-9CFE-86D73B29936B}.Debug|x86.ActiveCfg = Debug|Any CPU
		{482DA8F9-5848-46C5-9CFE-86D73B29936B}.Debug|x86.Build.0 = Debug|Any CPU
		{482DA8F9-5848-46C5-9CFE-86D73B29936B}.Release|Any CPU.ActiveCfg = Release|Any CPU
		{482DA8F9-5848-46C5-9CFE-86D73B29936B}.Release|Any CPU.Build.0 = Release|Any CPU
		{482DA8F9-5848-46C5-9CFE-86D73B29936B}.Release|x64.ActiveCfg = Release|Any CPU
		{482DA8F9-5848-46C5-9CFE-86D73B29936B}.Release|x64.Build.0 = Release|Any CPU
		{482DA8F9-5848-46C5-9CFE-86D73B29936B}.Release|x86.ActiveCfg = Release|Any CPU
		{482DA8F9-5848-46C5-9CFE-86D73B29936B}.Release|x86.Build.0 = Release|Any CPU
		{8A648CBC-2713-4DDD-8799-A5E495F50A78}.Debug|Any CPU.ActiveCfg = Debug|Any CPU
		{8A648CBC-2713-4DDD-8799-A5E495F50A78}.Debug|Any CPU.Build.0 = Debug|Any CPU
		{8A648CBC-2713-4DDD-8799-A5E495F50A78}.Debug|x64.ActiveCfg = Debug|Any CPU
		{8A648CBC-2713-4DDD-8799-A5E495F50A78}.Debug|x64.Build.0 = Debug|Any CPU
		{8A648CBC-2713-4DDD-8799-A5E495F50A78}.Debug|x86.ActiveCfg = Debug|Any CPU
		{8A648CBC-2713-4DDD-8799-A5E495F50A78}.Debug|x86.Build.0 = Debug|Any CPU
		{8A648CBC-2713-4DDD-8799-A5E495F50A78}.Release|Any CPU.ActiveCfg = Release|Any CPU
		{8A648CBC-2713-4DDD-8799-A5E495F50A78}.Release|Any CPU.Build.0 = Release|Any CPU
		{8A648CBC-2713-4DDD-8799-A5E495F50A78}.Release|x64.ActiveCfg = Release|Any CPU
		{8A648CBC-2713-4DDD-8799-A5E495F50A78}.Release|x64.Build.0 = Release|Any CPU
		{8A648CBC-2713-4DDD-8799-A5E495F50A78}.Release|x86.ActiveCfg = Release|Any CPU
		{8A648CBC-2713-4DDD-8799-A5E495F50A78}.Release|x86.Build.0 = Release|Any CPU
	EndGlobalSection
	GlobalSection(SolutionProperties) = preSolution
		HideSolutionNode = FALSE
	EndGlobalSection
	GlobalSection(ExtensibilityGlobals) = postSolution
		SolutionGuid = {33DC65A6-84EE-4215-B9DE-B5F893344170}
	EndGlobalSection
EndGlobal
